
Microsoft Visual Studio Solution File, Format Version 10.00
# Visual Studio 2008
Project("{8BC9CEB8-8B4A-11D0-8D11-00A0C91BC942}") = "OpenTTD", "OpenTTD.vcproj", "{EFCE9664-88E8-492C-BE7D-0A6F121A80FF}"
EndProject
Global
	GlobalSection(SolutionConfigurationPlatforms) = preSolution
		Debug|Win32 = Debug|Win32
		Release|Win32 = Release|Win32
	EndGlobalSection
	GlobalSection(ProjectConfigurationPlatforms) = postSolution
		{EFCE9664-88E8-492C-BE7D-0A6F121A80FF}.Debug|Win32.ActiveCfg = Debug|Win32
		{EFCE9664-88E8-492C-BE7D-0A6F121A80FF}.Debug|Win32.Build.0 = Debug|Win32
		{EFCE9664-88E8-492C-BE7D-0A6F121A80FF}.Release|Win32.ActiveCfg = Release|Win32
		{EFCE9664-88E8-492C-BE7D-0A6F121A80FF}.Release|Win32.Build.0 = Release|Win32
	EndGlobalSection
	GlobalSection(SolutionProperties) = preSolution
		HideSolutionNode = FALSE
	EndGlobalSection
EndGlobal
